
Microsoft Visual Studio Solution File, Format Version 12.00
# Visual Studio 14
VisualStudioVersion = 14.0.24720.0
MinimumVisualStudioVersion = 10.0.40219.1
Project("{FAE04EC0-301F-11D3-BF4B-00C04F79EFBC}") = "GUI", "GUI\GUI.csproj", "{DD3284CA-B06B-4755-8993-9E94A5051DCC}"
EndProject
Project("{FAE04EC0-301F-11D3-BF4B-00C04F79EFBC}") = "PUB", "PUB\PUB.csproj", "{BE79F8F1-7B06-408F-A371-EE3C780BB437}"
EndProject
Project("{FAE04EC0-301F-11D3-BF4B-00C04F79EFBC}") = "DAL", "DAL\DAL.csproj", "{F3039207-307B-4341-ACA8-11BD88324E51}"
EndProject
Project("{FAE04EC0-301F-11D3-BF4B-00C04F79EFBC}") = "BUS", "BUS\BUS.csproj", "{628DFB23-E753-4229-A01E-4ABCBA6CCABB}"
EndProject
Project("{FAE04EC0-301F-11D3-BF4B-00C04F79EFBC}") = "TaiSanCoDinh", "TaiSanCoDinh\TaiSanCoDinh\TaiSanCoDinh.csproj", "{3049228A-8CDF-4FD1-A36F-F19997059DD0}"
EndProject
Global
	GlobalSection(SolutionConfigurationPlatforms) = preSolution
		Debug|Any CPU = Debug|Any CPU
		Release|Any CPU = Release|Any CPU
	EndGlobalSection
	GlobalSection(ProjectConfigurationPlatforms) = postSolution
		{DD3284CA-B06B-4755-8993-9E94A5051DCC}.Debug|Any CPU.ActiveCfg = Debug|Any CPU
		{DD3284CA-B06B-4755-8993-9E94A5051DCC}.Debug|Any CPU.Build.0 = Debug|Any CPU
		{DD3284CA-B06B-4755-8993-9E94A5051DCC}.Release|Any CPU.ActiveCfg = Release|Any CPU
		{DD3284CA-B06B-4755-8993-9E94A5051DCC}.Release|Any CPU.Build.0 = Release|Any CPU
		{BE79F8F1-7B06-408F-A371-EE3C780BB437}.Debug|Any CPU.ActiveCfg = Debug|Any CPU
		{BE79F8F1-7B06-408F-A371-EE3C780BB437}.Debug|Any CPU.Build.0 = Debug|Any CPU
		{BE79F8F1-7B06-408F-A371-EE3C780BB437}.Release|Any CPU.ActiveCfg = Release|Any CPU
		{BE79F8F1-7B06-408F-A371-EE3C780BB437}.Release|Any CPU.Build.0 = Release|Any CPU
		{F3039207-307B-4341-ACA8-11BD88324E51}.Debug|Any CPU.ActiveCfg = Debug|Any CPU
		{F3039207-307B-4341-ACA8-11BD88324E51}.Debug|Any CPU.Build.0 = Debug|Any CPU
		{F3039207-307B-4341-ACA8-11BD88324E51}.Release|Any CPU.ActiveCfg = Release|Any CPU
		{F3039207-307B-4341-ACA8-11BD88324E51}.Release|Any CPU.Build.0 = Release|Any CPU
		{628DFB23-E753-4229-A01E-4ABCBA6CCABB}.Debug|Any CPU.ActiveCfg = Debug|Any CPU
		{628DFB23-E753-4229-A01E-4ABCBA6CCABB}.Debug|Any CPU.Build.0 = Debug|Any CPU
		{628DFB23-E753-4229-A01E-4ABCBA6CCABB}.Release|Any CPU.ActiveCfg = Release|Any CPU
		{628DFB23-E753-4229-A01E-4ABCBA6CCABB}.Release|Any CPU.Build.0 = Release|Any CPU
		{3049228A-8CDF-4FD1-A36F-F19997059DD0}.Debug|Any CPU.ActiveCfg = Debug|Any CPU
		{3049228A-8CDF-4FD1-A36F-F19997059DD0}.Debug|Any CPU.Build.0 = Debug|Any CPU
		{3049228A-8CDF-4FD1-A36F-F19997059DD0}.Release|Any CPU.ActiveCfg = Release|Any CPU
		{3049228A-8CDF-4FD1-A36F-F19997059DD0}.Release|Any CPU.Build.0 = Release|Any CPU
	EndGlobalSection
	GlobalSection(SolutionProperties) = preSolution
		HideSolutionNode = FALSE
	EndGlobalSection
EndGlobal
